hash: 1c9b72cc8afbcc9a3995cd6350ea0ef37680068310a0ca3a4f7425358ee7faa0
updated: 2018-12-19T16:15:41.985324+08:00
imports:
- name: github.com/docker/docker
  version: 90d35abf7b3535c1c319c872900fbd76374e521c
  subpackages:
  - api/types
  - client
  - pkg/jsonmessage
  - pkg/term
- name: github.com/gin-gonic/gin
  version: b869fe1415e4b9eb52f247441830d502aece2d4d
- name: github.com/golang/protobuf
  version: 1d3f30b51784bec5aad268e59fd3c2fc1c2fe73f
  subpackages:
  - proto
- name: github.com/mholt/archiver
  version: d572b2e8b82726cee9476d1b9d63a7fe9b601ff1
- name: github.com/spf13/cobra
  version: ef82de70bb3f60c65fb8eebacbb2d122ef517385
- name: google.golang.org/grpc
  version: df014850f6dee74ba2fc94874043a9f3f75fbfd8
  subpackages:
  - reflection
testImports: []
